github.com/bcomnes/goversion/v2 v2.1.1 h1:aGmWujVAoSPB3PVE1nLAk7U3JuqdcfG/K3iuFn3NpzM=
github.com/bcomnes/goversion/v2 v2.1.1/go.mod h1:zuS8hAQYUfMO0K6ZXs0dTn0vRc9yAqOWO3aAO1+UCDw=
golang.org/x/mod v0.25.0 h1:n7a+ZbQKQA/Ysbyb0/6IbB1H/X41mKgbhfv7AfG/44w=
golang.org/x/mod v0.25.0/go.mod h1:IXM97Txy2VM4PJ3gI61r1YEk/gAj6zAHN3AdZt6S9Ww=
